
Microsoft Visual Studio Solution File, Format Version 12.00
# Visual Studio Version 16
VisualStudioVersion = 16.0.31129.286
MinimumVisualStudioVersion = 10.0.40219.1
Project("{FAE04EC0-301F-11D3-BF4B-00C04F79EFBC}") = "NUnitMoqHandson3", "NUnitMoqHandson3\NUnitMoqHandson3.csproj", "{E098A31D-A935-44A7-8A6C-08FA5CD86541}"
EndProject
Project("{FAE04EC0-301F-11D3-BF4B-00C04F79EFBC}") = "TestLibrary", "TestLibrary\TestLibrary.csproj", "{2EAB1750-E7E7-4B6C-BAD3-D073B52DD3F1}"
EndProject
Global
	GlobalSection(SolutionConfigurationPlatforms) = preSolution
		Debug|Any CPU = Debug|Any CPU
		Release|Any CPU = Release|Any CPU
	EndGlobalSection
	GlobalSection(ProjectConfigurationPlatforms) = postSolution
		{E098A31D-A935-44A7-8A6C-08FA5CD86541}.Debug|Any CPU.ActiveCfg = Debug|Any CPU
		{E098A31D-A935-44A7-8A6C-08FA5CD86541}.Debug|Any CPU.Build.0 = Debug|Any CPU
		{E098A31D-A935-44A7-8A6C-08FA5CD86541}.Release|Any CPU.ActiveCfg = Release|Any CPU
		{E098A31D-A935-44A7-8A6C-08FA5CD86541}.Release|Any CPU.Build.0 = Release|Any CPU
		{2EAB1750-E7E7-4B6C-BAD3-D073B52DD3F1}.Debug|Any CPU.ActiveCfg = Debug|Any CPU
		{2EAB1750-E7E7-4B6C-BAD3-D073B52DD3F1}.Debug|Any CPU.Build.0 = Debug|Any CPU
		{2EAB1750-E7E7-4B6C-BAD3-D073B52DD3F1}.Release|Any CPU.ActiveCfg = Release|Any CPU
		{2EAB1750-E7E7-4B6C-BAD3-D073B52DD3F1}.Release|Any CPU.Build.0 = Release|Any CPU
	EndGlobalSection
	GlobalSection(SolutionProperties) = preSolution
		HideSolutionNode = FALSE
	EndGlobalSection
	GlobalSection(ExtensibilityGlobals) = postSolution
		SolutionGuid = {0D76AE01-FCA5-4FD4-B5AC-42447399E012}
	EndGlobalSection
EndGlobal
